
Microsoft Visual Studio Solution File, Format Version 12.00
# Visual Studio 14
VisualStudioVersion = 14.0.25420.1
MinimumVisualStudioVersion = 10.0.40219.1
Project("{8BC9CEB8-8B4A-11D0-8D11-00A0C91BC942}") = "AirBender", "AirBender\AirBender.vcxproj", "{FB9AFDBE-D0EF-4545-9317-845E8C4E43C9}"
EndProject
Project("{FAE04EC0-301F-11D3-BF4B-00C04F79EFBC}") = "SokkaServer", "SokkaServer\SokkaServer.csproj", "{66ED5B37-148B-414F-9456-8F55C5F9C1FC}"
EndProject
Project("{FAE04EC0-301F-11D3-BF4B-00C04F79EFBC}") = "AirBender.Common.Shared", "AirBender.Common.Shared\AirBender.Common.Shared.csproj", "{B973105C-50CD-4B89-9416-4FC87C2E2DDF}"
EndProject
Project("{FAE04EC0-301F-11D3-BF4B-00C04F79EFBC}") = "AirBender.Sink.ViGEm", "AirBender.Sink.ViGEm\AirBender.Sink.ViGEm.csproj", "{89B479FB-54EF-4593-9533-F20E4FDEB5D7}"
EndProject
Global
	GlobalSection(SolutionConfigurationPlatforms) = preSolution
		Debug|Any CPU = Debug|Any CPU
		Debug|ARM = Debug|ARM
		Debug|ARM64 = Debug|ARM64
		Debug|x64 = Debug|x64
		Debug|x86 = Debug|x86
		Release|Any CPU = Release|Any CPU
		Release|ARM = Release|ARM
		Release|ARM64 = Release|ARM64
		Release|x64 = Release|x64
		Release|x86 = Release|x86
	EndGlobalSection
	GlobalSection(ProjectConfigurationPlatforms) = postSolution
		{FB9AFDBE-D0EF-4545-9317-845E8C4E43C9}.Debug|Any CPU.ActiveCfg = Debug|Win32
		{FB9AFDBE-D0EF-4545-9317-845E8C4E43C9}.Debug|ARM.ActiveCfg = Debug|ARM
		{FB9AFDBE-D0EF-4545-9317-845E8C4E43C9}.Debug|ARM.Build.0 = Debug|ARM
		{FB9AFDBE-D0EF-4545-9317-845E8C4E43C9}.Debug|ARM.Deploy.0 = Debug|ARM
		{FB9AFDBE-D0EF-4545-9317-845E8C4E43C9}.Debug|ARM64.ActiveCfg = Debug|ARM64
		{FB9AFDBE-D0EF-4545-9317-845E8C4E43C9}.Debug|ARM64.Build.0 = Debug|ARM64
		{FB9AFDBE-D0EF-4545-9317-845E8C4E43C9}.Debug|ARM64.Deploy.0 = Debug|ARM64
		{FB9AFDBE-D0EF-4545-9317-845E8C4E43C9}.Debug|x64.ActiveCfg = Debug|x64
		{FB9AFDBE-D0EF-4545-9317-845E8C4E43C9}.Debug|x64.Build.0 = Debug|x64
		{FB9AFDBE-D0EF-4545-9317-845E8C4E43C9}.Debug|x64.Deploy.0 = Debug|x64
		{FB9AFDBE-D0EF-4545-9317-845E8C4E43C9}.Debug|x86.ActiveCfg = Debug|Win32
		{FB9AFDBE-D0EF-4545-9317-845E8C4E43C9}.Debug|x86.Build.0 = Debug|Win32
		{FB9AFDBE-D0EF-4545-9317-845E8C4E43C9}.Debug|x86.Deploy.0 = Debug|Win32
		{FB9AFDBE-D0EF-4545-9317-845E8C4E43C9}.Release|Any CPU.ActiveCfg = Release|Win32
		{FB9AFDBE-D0EF-4545-9317-845E8C4E43C9}.Release|ARM.ActiveCfg = Release|ARM
		{FB9AFDBE-D0EF-4545-9317-845E8C4E43C9}.Release|ARM.Build.0 = Release|ARM
		{FB9AFDBE-D0EF-4545-9317-845E8C4E43C9}.Release|ARM.Deploy.0 = Release|ARM
		{FB9AFDBE-D0EF-4545-9317-845E8C4E43C9}.Release|ARM64.ActiveCfg = Release|ARM64
		{FB9AFDBE-D0EF-4545-9317-845E8C4E43C9}.Release|ARM64.Build.0 = Release|ARM64
		{FB9AFDBE-D0EF-4545-9317-845E8C4E43C9}.Release|ARM64.Deploy.0 = Release|ARM64
		{FB9AFDBE-D0EF-4545-9317-845E8C4E43C9}.Release|x64.ActiveCfg = Release|x64
		{FB9AFDBE-D0EF-4545-9317-845E8C4E43C9}.Release|x64.Build.0 = Release|x64
		{FB9AFDBE-D0EF-4545-9317-845E8C4E43C9}.Release|x64.Deploy.0 = Release|x64
		{FB9AFDBE-D0EF-4545-9317-845E8C4E43C9}.Release|x86.ActiveCfg = Release|Win32
		{FB9AFDBE-D0EF-4545-9317-845E8C4E43C9}.Release|x86.Build.0 = Release|Win32
		{FB9AFDBE-D0EF-4545-9317-845E8C4E43C9}.Release|x86.Deploy.0 = Release|Win32
		{66ED5B37-148B-414F-9456-8F55C5F9C1FC}.Debug|Any CPU.ActiveCfg = Debug|Any CPU
		{66ED5B37-148B-414F-9456-8F55C5F9C1FC}.Debug|Any CPU.Build.0 = Debug|Any CPU
		{66ED5B37-148B-414F-9456-8F55C5F9C1FC}.Debug|ARM.ActiveCfg = Debug|Any CPU
		{66ED5B37-148B-414F-9456-8F55C5F9C1FC}.Debug|ARM.Build.0 = Debug|Any CPU
		{66ED5B37-148B-414F-9456-8F55C5F9C1FC}.Debug|ARM64.ActiveCfg = Debug|Any CPU
		{66ED5B37-148B-414F-9456-8F55C5F9C1FC}.Debug|ARM64.Build.0 = Debug|Any CPU
		{66ED5B37-148B-414F-9456-8F55C5F9C1FC}.Debug|x64.ActiveCfg = Debug|Any CPU
		{66ED5B37-148B-414F-9456-8F55C5F9C1FC}.Debug|x64.Build.0 = Debug|Any CPU
		{66ED5B37-148B-414F-9456-8F55C5F9C1FC}.Debug|x86.ActiveCfg = Debug|Any CPU
		{66ED5B37-148B-414F-9456-8F55C5F9C1FC}.Debug|x86.Build.0 = Debug|Any CPU
		{66ED5B37-148B-414F-9456-8F55C5F9C1FC}.Release|Any CPU.ActiveCfg = Release|Any CPU
		{66ED5B37-148B-414F-9456-8F55C5F9C1FC}.Release|Any CPU.Build.0 = Release|Any CPU
		{66ED5B37-148B-414F-9456-8F55C5F9C1FC}.Release|ARM.ActiveCfg = Release|Any CPU
		{66ED5B37-148B-414F-9456-8F55C5F9C1FC}.Release|ARM.Build.0 = Release|Any CPU
		{66ED5B37-148B-414F-9456-8F55C5F9C1FC}.Release|ARM64.ActiveCfg = Release|Any CPU
		{66ED5B37-148B-414F-9456-8F55C5F9C1FC}.Release|ARM64.Build.0 = Release|Any CPU
		{66ED5B37-148B-414F-9456-8F55C5F9C1FC}.Release|x64.ActiveCfg = Release|Any CPU
		{66ED5B37-148B-414F-9456-8F55C5F9C1FC}.Release|x64.Build.0 = Release|Any CPU
		{66ED5B37-148B-414F-9456-8F55C5F9C1FC}.Release|x86.ActiveCfg = Release|Any CPU
		{66ED5B37-148B-414F-9456-8F55C5F9C1FC}.Release|x86.Build.0 = Release|Any CPU
		{B973105C-50CD-4B89-9416-4FC87C2E2DDF}.Debug|Any CPU.ActiveCfg = Debug|Any CPU
		{B973105C-50CD-4B89-9416-4FC87C2E2DDF}.Debug|Any CPU.Build.0 = Debug|Any CPU
		{B973105C-50CD-4B89-9416-4FC87C2E2DDF}.Debug|ARM.ActiveCfg = Debug|Any CPU
		{B973105C-50CD-4B89-9416-4FC87C2E2DDF}.Debug|ARM.Build.0 = Debug|Any CPU
		{B973105C-50CD-4B89-9416-4FC87C2E2DDF}.Debug|ARM64.ActiveCfg = Debug|Any CPU
		{B973105C-50CD-4B89-9416-4FC87C2E2DDF}.Debug|ARM64.Build.0 = Debug|Any CPU
		{B973105C-50CD-4B89-9416-4FC87C2E2DDF}.Debug|x64.ActiveCfg = Debug|Any CPU
		{B973105C-50CD-4B89-9416-4FC87C2E2DDF}.Debug|x64.Build.0 = Debug|Any CPU
		{B973105C-50CD-4B89-9416-4FC87C2E2DDF}.Debug|x86.ActiveCfg = Debug|Any CPU
		{B973105C-50CD-4B89-9416-4FC87C2E2DDF}.Debug|x86.Build.0 = Debug|Any CPU
		{B973105C-50CD-4B89-9416-4FC87C2E2DDF}.Release|Any CPU.ActiveCfg = Release|Any CPU
		{B973105C-50CD-4B89-9416-4FC87C2E2DDF}.Release|Any CPU.Build.0 = Release|Any CPU
		{B973105C-50CD-4B89-9416-4FC87C2E2DDF}.Release|ARM.ActiveCfg = Release|Any CPU
		{B973105C-50CD-4B89-9416-4FC87C2E2DDF}.Release|ARM.Build.0 = Release|Any CPU
		{B973105C-50CD-4B89-9416-4FC87C2E2DDF}.Release|ARM64.ActiveCfg = Release|Any CPU
		{B973105C-50CD-4B89-9416-4FC87C2E2DDF}.Release|ARM64.Build.0 = Release|Any CPU
		{B973105C-50CD-4B89-9416-4FC87C2E2DDF}.Release|x64.ActiveCfg = Release|Any CPU
		{B973105C-50CD-4B89-9416-4FC87C2E2DDF}.Release|x64.Build.0 = Release|Any CPU
		{B973105C-50CD-4B89-9416-4FC87C2E2DDF}.Release|x86.ActiveCfg = Release|Any CPU
		{B973105C-50CD-4B89-9416-4FC87C2E2DDF}.Release|x86.Build.0 = Release|Any CPU
		{89B479FB-54EF-4593-9533-F20E4FDEB5D7}.Debug|Any CPU.ActiveCfg = Debug|Any CPU
		{89B479FB-54EF-4593-9533-F20E4FDEB5D7}.Debug|Any CPU.Build.0 = Debug|Any CPU
		{89B479FB-54EF-4593-9533-F20E4FDEB5D7}.Debug|ARM.ActiveCfg = Debug|Any CPU
		{89B479FB-54EF-4593-9533-F20E4FDEB5D7}.Debug|ARM.Build.0 = Debug|Any CPU
		{89B479FB-54EF-4593-9533-F20E4FDEB5D7}.Debug|ARM64.ActiveCfg = Debug|Any CPU
		{89B479FB-54EF-4593-9533-F20E4FDEB5D7}.Debug|ARM64.Build.0 = Debug|Any CPU
		{89B479FB-54EF-4593-9533-F20E4FDEB5D7}.Debug|x64.ActiveCfg = Debug|Any CPU
		{89B479FB-54EF-4593-9533-F20E4FDEB5D7}.Debug|x64.Build.0 = Debug|Any CPU
		{89B479FB-54EF-4593-9533-F20E4FDEB5D7}.Debug|x86.ActiveCfg = Debug|Any CPU
		{89B479FB-54EF-4593-9533-F20E4FDEB5D7}.Debug|x86.Build.0 = Debug|Any CPU
		{89B479FB-54EF-4593-9533-F20E4FDEB5D7}.Release|Any CPU.ActiveCfg = Release|Any CPU
		{89B479FB-54EF-4593-9533-F20E4FDEB5D7}.Release|Any CPU.Build.0 = Release|Any CPU
		{89B479FB-54EF-4593-9533-F20E4FDEB5D7}.Release|ARM.ActiveCfg = Release|Any CPU
		{89B479FB-54EF-4593-9533-F20E4FDEB5D7}.Release|ARM.Build.0 = Release|Any CPU
		{89B479FB-54EF-4593-9533-F20E4FDEB5D7}.Release|ARM64.ActiveCfg = Release|Any CPU
		{89B479FB-54EF-4593-9533-F20E4FDEB5D7}.Release|ARM64.Build.0 = Release|Any CPU
		{89B479FB-54EF-4593-9533-F20E4FDEB5D7}.Release|x64.ActiveCfg = Release|Any CPU
		{89B479FB-54EF-4593-9533-F20E4FDEB5D7}.Release|x64.Build.0 = Release|Any CPU
		{89B479FB-54EF-4593-9533-F20E4FDEB5D7}.Release|x86.ActiveCfg = Release|Any CPU
		{89B479FB-54EF-4593-9533-F20E4FDEB5D7}.Release|x86.Build.0 = Release|Any CPU
	EndGlobalSection
	GlobalSection(SolutionProperties) = preSolution
		HideSolutionNode = FALSE
	EndGlobalSection
EndGlobal
