
Microsoft Visual Studio Solution File, Format Version 12.00
# Visual Studio 15
VisualStudioVersion = 15.0.27004.2005
MinimumVisualStudioVersion = 10.0.40219.1
Project("{FAE04EC0-301F-11D3-BF4B-00C04F79EFBC}") = ".build", "build\.build.csproj", "{96B4542C-BB8C-4395-8BD0-8E73737D51AB}"
EndProject
Project("{8BC9CEB8-8B4A-11D0-8D11-00A0C91BC942}") = "AirBender", "AirBender\AirBender.vcxproj", "{FB9AFDBE-D0EF-4545-9317-845E8C4E43C9}"
EndProject
Project("{2150E333-8FDC-42A3-9474-1A3956D46DE8}") = "Driver", "Driver", "{D2774A02-1D88-4D98-A9C9-4B051081AD5F}"
EndProject
Global
	GlobalSection(SolutionConfigurationPlatforms) = preSolution
		Debug|Any CPU = Debug|Any CPU
		Debug|ARM = Debug|ARM
		Debug|ARM64 = Debug|ARM64
		Debug|x64 = Debug|x64
		Debug|x86 = Debug|x86
		Release|Any CPU = Release|Any CPU
		Release|ARM = Release|ARM
		Release|ARM64 = Release|ARM64
		Release|x64 = Release|x64
		Release|x86 = Release|x86
	EndGlobalSection
	GlobalSection(ProjectConfigurationPlatforms) = postSolution
		{96B4542C-BB8C-4395-8BD0-8E73737D51AB}.Debug|Any CPU.ActiveCfg = Debug|Any CPU
		{96B4542C-BB8C-4395-8BD0-8E73737D51AB}.Debug|ARM.ActiveCfg = Debug|Any CPU
		{96B4542C-BB8C-4395-8BD0-8E73737D51AB}.Debug|ARM.Build.0 = Debug|Any CPU
		{96B4542C-BB8C-4395-8BD0-8E73737D51AB}.Debug|ARM64.ActiveCfg = Debug|Any CPU
		{96B4542C-BB8C-4395-8BD0-8E73737D51AB}.Debug|ARM64.Build.0 = Debug|Any CPU
		{96B4542C-BB8C-4395-8BD0-8E73737D51AB}.Debug|x64.ActiveCfg = Debug|Any CPU
		{96B4542C-BB8C-4395-8BD0-8E73737D51AB}.Debug|x64.Build.0 = Debug|Any CPU
		{96B4542C-BB8C-4395-8BD0-8E73737D51AB}.Debug|x86.ActiveCfg = Debug|Any CPU
		{96B4542C-BB8C-4395-8BD0-8E73737D51AB}.Debug|x86.Build.0 = Debug|Any CPU
		{96B4542C-BB8C-4395-8BD0-8E73737D51AB}.Release|Any CPU.ActiveCfg = Release|Any CPU
		{96B4542C-BB8C-4395-8BD0-8E73737D51AB}.Release|ARM.ActiveCfg = Release|Any CPU
		{96B4542C-BB8C-4395-8BD0-8E73737D51AB}.Release|ARM.Build.0 = Release|Any CPU
		{96B4542C-BB8C-4395-8BD0-8E73737D51AB}.Release|ARM64.ActiveCfg = Release|Any CPU
		{96B4542C-BB8C-4395-8BD0-8E73737D51AB}.Release|ARM64.Build.0 = Release|Any CPU
		{96B4542C-BB8C-4395-8BD0-8E73737D51AB}.Release|x64.ActiveCfg = Release|Any CPU
		{96B4542C-BB8C-4395-8BD0-8E73737D51AB}.Release|x64.Build.0 = Release|Any CPU
		{96B4542C-BB8C-4395-8BD0-8E73737D51AB}.Release|x86.ActiveCfg = Release|Any CPU
		{96B4542C-BB8C-4395-8BD0-8E73737D51AB}.Release|x86.Build.0 = Release|Any CPU
		{FB9AFDBE-D0EF-4545-9317-845E8C4E43C9}.Debug|Any CPU.ActiveCfg = Debug|Win32
		{FB9AFDBE-D0EF-4545-9317-845E8C4E43C9}.Debug|ARM.ActiveCfg = Debug|ARM
		{FB9AFDBE-D0EF-4545-9317-845E8C4E43C9}.Debug|ARM.Build.0 = Debug|ARM
		{FB9AFDBE-D0EF-4545-9317-845E8C4E43C9}.Debug|ARM.Deploy.0 = Debug|ARM
		{FB9AFDBE-D0EF-4545-9317-845E8C4E43C9}.Debug|ARM64.ActiveCfg = Debug|ARM64
		{FB9AFDBE-D0EF-4545-9317-845E8C4E43C9}.Debug|ARM64.Build.0 = Debug|ARM64
		{FB9AFDBE-D0EF-4545-9317-845E8C4E43C9}.Debug|ARM64.Deploy.0 = Debug|ARM64
		{FB9AFDBE-D0EF-4545-9317-845E8C4E43C9}.Debug|x64.ActiveCfg = Debug|x64
		{FB9AFDBE-D0EF-4545-9317-845E8C4E43C9}.Debug|x64.Build.0 = Debug|x64
		{FB9AFDBE-D0EF-4545-9317-845E8C4E43C9}.Debug|x64.Deploy.0 = Debug|x64
		{FB9AFDBE-D0EF-4545-9317-845E8C4E43C9}.Debug|x86.ActiveCfg = Debug|Win32
		{FB9AFDBE-D0EF-4545-9317-845E8C4E43C9}.Debug|x86.Build.0 = Debug|Win32
		{FB9AFDBE-D0EF-4545-9317-845E8C4E43C9}.Debug|x86.Deploy.0 = Debug|Win32
		{FB9AFDBE-D0EF-4545-9317-845E8C4E43C9}.Release|Any CPU.ActiveCfg = Release|Win32
		{FB9AFDBE-D0EF-4545-9317-845E8C4E43C9}.Release|ARM.ActiveCfg = Release|ARM
		{FB9AFDBE-D0EF-4545-9317-845E8C4E43C9}.Release|ARM.Build.0 = Release|ARM
		{FB9AFDBE-D0EF-4545-9317-845E8C4E43C9}.Release|ARM.Deploy.0 = Release|ARM
		{FB9AFDBE-D0EF-4545-9317-845E8C4E43C9}.Release|ARM64.ActiveCfg = Release|ARM64
		{FB9AFDBE-D0EF-4545-9317-845E8C4E43C9}.Release|ARM64.Build.0 = Release|ARM64
		{FB9AFDBE-D0EF-4545-9317-845E8C4E43C9}.Release|ARM64.Deploy.0 = Release|ARM64
		{FB9AFDBE-D0EF-4545-9317-845E8C4E43C9}.Release|x64.ActiveCfg = Release|x64
		{FB9AFDBE-D0EF-4545-9317-845E8C4E43C9}.Release|x64.Build.0 = Release|x64
		{FB9AFDBE-D0EF-4545-9317-845E8C4E43C9}.Release|x64.Deploy.0 = Release|x64
		{FB9AFDBE-D0EF-4545-9317-845E8C4E43C9}.Release|x86.ActiveCfg = Release|Win32
		{FB9AFDBE-D0EF-4545-9317-845E8C4E43C9}.Release|x86.Build.0 = Release|Win32
		{FB9AFDBE-D0EF-4545-9317-845E8C4E43C9}.Release|x86.Deploy.0 = Release|Win32
	EndGlobalSection
	GlobalSection(SolutionProperties) = preSolution
		HideSolutionNode = FALSE
	EndGlobalSection
	GlobalSection(NestedProjects) = preSolution
		{FB9AFDBE-D0EF-4545-9317-845E8C4E43C9} = {D2774A02-1D88-4D98-A9C9-4B051081AD5F}
	EndGlobalSection
	GlobalSection(ExtensibilityGlobals) = postSolution
		SolutionGuid = {9A4800E4-81DC-4CA5-958A-2CCFCE3CED34}
	EndGlobalSection
EndGlobal
