
Microsoft Visual Studio Solution File, Format Version 12.00
# Visual Studio 15
VisualStudioVersion = 15.0.26730.16
MinimumVisualStudioVersion = 10.0.40219.1
Project("{FAE04EC0-301F-11D3-BF4B-00C04F79EFBC}") = "AirBender.Common.Shared", "AirBender.Common.Shared\AirBender.Common.Shared.csproj", "{B973105C-50CD-4B89-9416-4FC87C2E2DDF}"
EndProject
Project("{FAE04EC0-301F-11D3-BF4B-00C04F79EFBC}") = "AirBender.Sink.ViGEm", "AirBender.Sink.ViGEm\AirBender.Sink.ViGEm.csproj", "{89B479FB-54EF-4593-9533-F20E4FDEB5D7}"
EndProject
Project("{FAE04EC0-301F-11D3-BF4B-00C04F79EFBC}") = "SokkaServer", "SokkaServer\SokkaServer.csproj", "{66ED5B37-148B-414F-9456-8F55C5F9C1FC}"
EndProject
Global
	GlobalSection(SolutionConfigurationPlatforms) = preSolution
		Debug|Any CPU = Debug|Any CPU
		Release|Any CPU = Release|Any CPU
	EndGlobalSection
	GlobalSection(ProjectConfigurationPlatforms) = postSolution
		{B973105C-50CD-4B89-9416-4FC87C2E2DDF}.Debug|Any CPU.ActiveCfg = Debug|Any CPU
		{B973105C-50CD-4B89-9416-4FC87C2E2DDF}.Debug|Any CPU.Build.0 = Debug|Any CPU
		{B973105C-50CD-4B89-9416-4FC87C2E2DDF}.Release|Any CPU.ActiveCfg = Release|Any CPU
		{B973105C-50CD-4B89-9416-4FC87C2E2DDF}.Release|Any CPU.Build.0 = Release|Any CPU
		{89B479FB-54EF-4593-9533-F20E4FDEB5D7}.Debug|Any CPU.ActiveCfg = Debug|Any CPU
		{89B479FB-54EF-4593-9533-F20E4FDEB5D7}.Debug|Any CPU.Build.0 = Debug|Any CPU
		{89B479FB-54EF-4593-9533-F20E4FDEB5D7}.Release|Any CPU.ActiveCfg = Release|Any CPU
		{89B479FB-54EF-4593-9533-F20E4FDEB5D7}.Release|Any CPU.Build.0 = Release|Any CPU
		{66ED5B37-148B-414F-9456-8F55C5F9C1FC}.Debug|Any CPU.ActiveCfg = Debug|Any CPU
		{66ED5B37-148B-414F-9456-8F55C5F9C1FC}.Debug|Any CPU.Build.0 = Debug|Any CPU
		{66ED5B37-148B-414F-9456-8F55C5F9C1FC}.Release|Any CPU.ActiveCfg = Release|Any CPU
		{66ED5B37-148B-414F-9456-8F55C5F9C1FC}.Release|Any CPU.Build.0 = Release|Any CPU
	EndGlobalSection
	GlobalSection(SolutionProperties) = preSolution
		HideSolutionNode = FALSE
	EndGlobalSection
	GlobalSection(ExtensibilityGlobals) = postSolution
		SolutionGuid = {D4486357-E250-4483-ACC6-42694E21AF2D}
	EndGlobalSection
EndGlobal
