
Microsoft Visual Studio Solution File, Format Version 12.00
# Visual Studio 14
VisualStudioVersion = 14.0.25420.1
MinimumVisualStudioVersion = 10.0.40219.1
Project("{FAE04EC0-301F-11D3-BF4B-00C04F79EFBC}") = "AirBender.Sokka.Server", "AirBender.Sokka.Server\AirBender.Sokka.Server.csproj", "{66ED5B37-148B-414F-9456-8F55C5F9C1FC}"
EndProject
Global
	GlobalSection(SolutionConfigurationPlatforms) = preSolution
		Debug|Any CPU = Debug|Any CPU
		Release|Any CPU = Release|Any CPU
	EndGlobalSection
	GlobalSection(ProjectConfigurationPlatforms) = postSolution
		{66ED5B37-148B-414F-9456-8F55C5F9C1FC}.Debug|Any CPU.ActiveCfg = Debug|Any CPU
		{66ED5B37-148B-414F-9456-8F55C5F9C1FC}.Debug|Any CPU.Build.0 = Debug|Any CPU
		{66ED5B37-148B-414F-9456-8F55C5F9C1FC}.Release|Any CPU.ActiveCfg = Release|Any CPU
		{66ED5B37-148B-414F-9456-8F55C5F9C1FC}.Release|Any CPU.Build.0 = Release|Any CPU
	EndGlobalSection
	GlobalSection(SolutionProperties) = preSolution
		HideSolutionNode = FALSE
	EndGlobalSection
	GlobalSection(ExtensibilityGlobals) = postSolution
		SolutionGuid = {D4486357-E250-4483-ACC6-42694E21AF2D}
	EndGlobalSection
EndGlobal
